// !$*UTF8*$!
{
	archiveVersion = 1;
	classes = {
	};
	objectVersion = 50;
	objects = {

/* Begin PBXBuildFile section */
		2BD0559221FF4E69001CD071 /* AppDelegate.swift in Sources */ = {isa = PBXBuildFile; fileRef = 2BD0559121FF4E69001CD071 /* AppDelegate.swift */; };
		2BD0559721FF4E69001CD071 /* Main.storyboard in Resources */ = {isa = PBXBuildFile; fileRef = 2BD0559521FF4E69001CD071 /* Main.storyboard */; };
		2BD0559A21FF4E69001CD071 /* cloudKit_nanoChallenge.xcdatamodeld in Sources */ = {isa = PBXBuildFile; fileRef = 2BD0559821FF4E69001CD071 /* cloudKit_nanoChallenge.xcdatamodeld */; };
		2BD0559C21FF4E6B001CD071 /* Assets.xcassets in Resources */ = {isa = PBXBuildFile; fileRef = 2BD0559B21FF4E6B001CD071 /* Assets.xcassets */; };
		2BD0559F21FF4E6B001CD071 /* LaunchScreen.storyboard in Resources */ = {isa = PBXBuildFile; fileRef = 2BD0559D21FF4E6B001CD071 /* LaunchScreen.storyboard */; };
		57FD983922009DFC006E1179 /* CloudKit.framework in Frameworks */ = {isa = PBXBuildFile; fileRef = 57FD983822009DFC006E1179 /* CloudKit.framework */; };
		8191553321FF6F4100DDED6C /* ListViewController.swift in Sources */ = {isa = PBXBuildFile; fileRef = 8191553221FF6F4100DDED6C /* ListViewController.swift */; };
		8191553521FF708900DDED6C /* ItemViewController.swift in Sources */ = {isa = PBXBuildFile; fileRef = 8191553421FF708900DDED6C /* ItemViewController.swift */; };
		8191553722006AB300DDED6C /* CoreDataManager.swift in Sources */ = {isa = PBXBuildFile; fileRef = 8191553622006AB300DDED6C /* CoreDataManager.swift */; };
		E50AC4EE22006B1500A09839 /* CKManager.swift in Sources */ = {isa = PBXBuildFile; fileRef = E50AC4ED22006B1500A09839 /* CKManager.swift */; };
		E50AC4F022006B7F00A09839 /* CKManagedObject.swift in Sources */ = {isa = PBXBuildFile; fileRef = E50AC4EF22006B7F00A09839 /* CKManagedObject.swift */; };
		E50AC4F222006E7100A09839 /* List.swift in Sources */ = {isa = PBXBuildFile; fileRef = E50AC4F122006E7100A09839 /* List.swift */; };
		E50AC4F422006EBB00A09839 /* Item.swift in Sources */ = {isa = PBXBuildFile; fileRef = E50AC4F322006EBB00A09839 /* Item.swift */; };
		E50AC4F6220074DB00A09839 /* User.swift in Sources */ = {isa = PBXBuildFile; fileRef = E50AC4F5220074DB00A09839 /* User.swift */; };
/* End PBXBuildFile section */

/* Begin PBXFileReference section */
		2BD0558E21FF4E69001CD071 /* cloudKit-nanoChallenge.app */ = {isa = PBXFileReference; explicitFileType = wrapper.application; includeInIndex = 0; path = "cloudKit-nanoChallenge.app"; sourceTree = BUILT_PRODUCTS_DIR; };
		2BD0559121FF4E69001CD071 /* AppDelegate.swift */ = {isa = PBXFileReference; lastKnownFileType = sourcecode.swift; path = AppDelegate.swift; sourceTree = "<group>"; };
		2BD0559621FF4E69001CD071 /* Base */ = {isa = PBXFileReference; lastKnownFileType = file.storyboard; name = Base; path = Base.lproj/Main.storyboard; sourceTree = "<group>"; };
		2BD0559921FF4E69001CD071 /* cloudKit_nanoChallenge.xcdatamodel */ = {isa = PBXFileReference; lastKnownFileType = wrapper.xcdatamodel; path = cloudKit_nanoChallenge.xcdatamodel; sourceTree = "<group>"; };
		2BD0559B21FF4E6B001CD071 /* Assets.xcassets */ = {isa = PBXFileReference; lastKnownFileType = folder.assetcatalog; path = Assets.xcassets; sourceTree = "<group>"; };
		2BD0559E21FF4E6B001CD071 /* Base */ = {isa = PBXFileReference; lastKnownFileType = file.storyboard; name = Base; path = Base.lproj/LaunchScreen.storyboard; sourceTree = "<group>"; };
		2BD055A021FF4E6B001CD071 /* Info.plist */ = {isa = PBXFileReference; lastKnownFileType = text.plist.xml; path = Info.plist; sourceTree = "<group>"; };
		57FD983622009DF9006E1179 /* cloudKit-nanoChallenge.entitlements */ = {isa = PBXFileReference; lastKnownFileType = text.plist.entitlements; path = "cloudKit-nanoChallenge.entitlements"; sourceTree = "<group>"; };
		57FD983822009DFC006E1179 /* CloudKit.framework */ = {isa = PBXFileReference; lastKnownFileType = wrapper.framework; name = CloudKit.framework; path = System/Library/Frameworks/CloudKit.framework; sourceTree = SDKROOT; };
		8191553221FF6F4100DDED6C /* ListViewController.swift */ = {isa = PBXFileReference; lastKnownFileType = sourcecode.swift; path = ListViewController.swift; sourceTree = "<group>"; };
		8191553421FF708900DDED6C /* ItemViewController.swift */ = {isa = PBXFileReference; lastKnownFileType = sourcecode.swift; path = ItemViewController.swift; sourceTree = "<group>"; };
		8191553622006AB300DDED6C /* CoreDataManager.swift */ = {isa = PBXFileReference; lastKnownFileType = sourcecode.swift; path = CoreDataManager.swift; sourceTree = "<group>"; };
		E50AC4ED22006B1500A09839 /* CKManager.swift */ = {isa = PBXFileReference; lastKnownFileType = sourcecode.swift; path = CKManager.swift; sourceTree = "<group>"; };
		E50AC4EF22006B7F00A09839 /* CKManagedObject.swift */ = {isa = PBXFileReference; lastKnownFileType = sourcecode.swift; path = CKManagedObject.swift; sourceTree = "<group>"; };
		E50AC4F122006E7100A09839 /* List.swift */ = {isa = PBXFileReference; lastKnownFileType = sourcecode.swift; path = List.swift; sourceTree = "<group>"; };
		E50AC4F322006EBB00A09839 /* Item.swift */ = {isa = PBXFileReference; lastKnownFileType = sourcecode.swift; path = Item.swift; sourceTree = "<group>"; };
		E50AC4F5220074DB00A09839 /* User.swift */ = {isa = PBXFileReference; lastKnownFileType = sourcecode.swift; path = User.swift; sourceTree = "<group>"; };
/* End PBXFileReference section */

/* Begin PBXFrameworksBuildPhase section */
		2BD0558B21FF4E69001CD071 /* Frameworks */ = {
			isa = PBXFrameworksBuildPhase;
			buildActionMask = 2147483647;
			files = (
				57FD983922009DFC006E1179 /* CloudKit.framework in Frameworks */,
			);
			runOnlyForDeploymentPostprocessing = 0;
		};
/* End PBXFrameworksBuildPhase section */

/* Begin PBXGroup section */
		2BD0558521FF4E69001CD071 = {
			isa = PBXGroup;
			children = (
				2BD0559021FF4E69001CD071 /* cloudKit-nanoChallenge */,
				2BD0558F21FF4E69001CD071 /* Products */,
				57FD983722009DFC006E1179 /* Frameworks */,
			);
			sourceTree = "<group>";
		};
		2BD0558F21FF4E69001CD071 /* Products */ = {
			isa = PBXGroup;
			children = (
				2BD0558E21FF4E69001CD071 /* cloudKit-nanoChallenge.app */,
			);
			name = Products;
			sourceTree = "<group>";
		};
		2BD0559021FF4E69001CD071 /* cloudKit-nanoChallenge */ = {
			isa = PBXGroup;
			children = (
				57FD983622009DF9006E1179 /* cloudKit-nanoChallenge.entitlements */,
				2BD0559121FF4E69001CD071 /* AppDelegate.swift */,
				8191553221FF6F4100DDED6C /* ListViewController.swift */,
				8191553421FF708900DDED6C /* ItemViewController.swift */,
				8191553622006AB300DDED6C /* CoreDataManager.swift */,
				2BD0559521FF4E69001CD071 /* Main.storyboard */,
				2BD0559B21FF4E6B001CD071 /* Assets.xcassets */,
				2BD0559D21FF4E6B001CD071 /* LaunchScreen.storyboard */,
				2BD055A021FF4E6B001CD071 /* Info.plist */,
				2BD0559821FF4E69001CD071 /* cloudKit_nanoChallenge.xcdatamodeld */,
				E50AC4ED22006B1500A09839 /* CKManager.swift */,
				E50AC4EF22006B7F00A09839 /* CKManagedObject.swift */,
				E50AC4F122006E7100A09839 /* List.swift */,
				E50AC4F322006EBB00A09839 /* Item.swift */,
				E50AC4F5220074DB00A09839 /* User.swift */,
			);
			path = "cloudKit-nanoChallenge";
			sourceTree = "<group>";
		};
		57FD983722009DFC006E1179 /* Frameworks */ = {
			isa = PBXGroup;
			children = (
				57FD983822009DFC006E1179 /* CloudKit.framework */,
			);
			name = Frameworks;
			sourceTree = "<group>";
		};
/* End PBXGroup section */

/* Begin PBXNativeTarget section */
		2BD0558D21FF4E69001CD071 /* cloudKit-nanoChallenge */ = {
			isa = PBXNativeTarget;
			buildConfigurationList = 2BD055A321FF4E6B001CD071 /* Build configuration list for PBXNativeTarget "cloudKit-nanoChallenge" */;
			buildPhases = (
				2BD0558A21FF4E69001CD071 /* Sources */,
				2BD0558B21FF4E69001CD071 /* Frameworks */,
				2BD0558C21FF4E69001CD071 /* Resources */,
			);
			buildRules = (
			);
			dependencies = (
			);
			name = "cloudKit-nanoChallenge";
			productName = "cloudKit-nanoChallenge";
			productReference = 2BD0558E21FF4E69001CD071 /* cloudKit-nanoChallenge.app */;
			productType = "com.apple.product-type.application";
		};
/* End PBXNativeTarget section */

/* Begin PBXProject section */
		2BD0558621FF4E69001CD071 /* Project object */ = {
			isa = PBXProject;
			attributes = {
				LastSwiftUpdateCheck = 1010;
				LastUpgradeCheck = 1010;
				ORGANIZATIONNAME = "Paulo José";
				TargetAttributes = {
					2BD0558D21FF4E69001CD071 = {
						CreatedOnToolsVersion = 10.1;
						SystemCapabilities = {
							com.apple.Push = {
								enabled = 1;
							};
							com.apple.iCloud = {
								enabled = 1;
							};
						};
					};
				};
			};
			buildConfigurationList = 2BD0558921FF4E69001CD071 /* Build configuration list for PBXProject "cloudKit-nanoChallenge" */;
			compatibilityVersion = "Xcode 9.3";
			developmentRegion = en;
			hasScannedForEncodings = 0;
			knownRegions = (
				en,
				Base,
			);
			mainGroup = 2BD0558521FF4E69001CD071;
			productRefGroup = 2BD0558F21FF4E69001CD071 /* Products */;
			projectDirPath = "";
			projectRoot = "";
			targets = (
				2BD0558D21FF4E69001CD071 /* cloudKit-nanoChallenge */,
			);
		};
/* End PBXProject section */

/* Begin PBXResourcesBuildPhase section */
		2BD0558C21FF4E69001CD071 /* Resources */ = {
			isa = PBXResourcesBuildPhase;
			buildActionMask = 2147483647;
			files = (
				2BD0559F21FF4E6B001CD071 /* LaunchScreen.storyboard in Resources */,
				2BD0559C21FF4E6B001CD071 /* Assets.xcassets in Resources */,
				2BD0559721FF4E69001CD071 /* Main.storyboard in Resources */,
			);
			runOnlyForDeploymentPostprocessing = 0;
		};
/* End PBXResourcesBuildPhase section */

/* Begin PBXSourcesBuildPhase section */
		2BD0558A21FF4E69001CD071 /* Sources */ = {
			isa = PBXSourcesBuildPhase;
			buildActionMask = 2147483647;
			files = (
				2BD0559A21FF4E69001CD071 /* cloudKit_nanoChallenge.xcdatamodeld in Sources */,
				E50AC4F022006B7F00A09839 /* CKManagedObject.swift in Sources */,
				E50AC4EE22006B1500A09839 /* CKManager.swift in Sources */,
				E50AC4F6220074DB00A09839 /* User.swift in Sources */,
				E50AC4F422006EBB00A09839 /* Item.swift in Sources */,
				2BD0559221FF4E69001CD071 /* AppDelegate.swift in Sources */,
				E50AC4F222006E7100A09839 /* List.swift in Sources */,
				8191553521FF708900DDED6C /* ItemViewController.swift in Sources */,
				8191553722006AB300DDED6C /* CoreDataManager.swift in Sources */,
				8191553321FF6F4100DDED6C /* ListViewController.swift in Sources */,
			);
			runOnlyForDeploymentPostprocessing = 0;
		};
/* End PBXSourcesBuildPhase section */

/* Begin PBXVariantGroup section */
		2BD0559521FF4E69001CD071 /* Main.storyboard */ = {
			isa = PBXVariantGroup;
			children = (
				2BD0559621FF4E69001CD071 /* Base */,
			);
			name = Main.storyboard;
			sourceTree = "<group>";
		};
		2BD0559D21FF4E6B001CD071 /* LaunchScreen.storyboard */ = {
			isa = PBXVariantGroup;
			children = (
				2BD0559E21FF4E6B001CD071 /* Base */,
			);
			name = LaunchScreen.storyboard;
			sourceTree = "<group>";
		};
/* End PBXVariantGroup section */

/* Begin XCBuildConfiguration section */
		2BD055A121FF4E6B001CD071 /* Debug */ = {
			isa = XCBuildConfiguration;
			buildSettings = {
				ALWAYS_SEARCH_USER_PATHS = NO;
				CLANG_ANALYZER_NONNULL = YES;
				CLANG_ANALYZER_NUMBER_OBJECT_CONVERSION = YES_AGGRESSIVE;
				CLANG_CXX_LANGUAGE_STANDARD = "gnu++14";
				CLANG_CXX_LIBRARY = "libc++";
				CLANG_ENABLE_MODULES = YES;
				CLANG_ENABLE_OBJC_ARC = YES;
				CLANG_ENABLE_OBJC_WEAK = YES;
				CLANG_WARN_BLOCK_CAPTURE_AUTORELEASING = YES;
				CLANG_WARN_BOOL_CONVERSION = YES;
				CLANG_WARN_COMMA = YES;
				CLANG_WARN_CONSTANT_CONVERSION = YES;
				CLANG_WARN_DEPRECATED_OBJC_IMPLEMENTATIONS = YES;
				CLANG_WARN_DIRECT_OBJC_ISA_USAGE = YES_ERROR;
				CLANG_WARN_DOCUMENTATION_COMMENTS = YES;
				CLANG_WARN_EMPTY_BODY = YES;
				CLANG_WARN_ENUM_CONVERSION = YES;
				CLANG_WARN_INFINITE_RECURSION = YES;
				CLANG_WARN_INT_CONVERSION = YES;
				CLANG_WARN_NON_LITERAL_NULL_CONVERSION = YES;
				CLANG_WARN_OBJC_IMPLICIT_RETAIN_SELF = YES;
				CLANG_WARN_OBJC_LITERAL_CONVERSION = YES;
				CLANG_WARN_OBJC_ROOT_CLASS = YES_ERROR;
				CLANG_WARN_RANGE_LOOP_ANALYSIS = YES;
				CLANG_WARN_STRICT_PROTOTYPES = YES;
				CLANG_WARN_SUSPICIOUS_MOVE = YES;
				CLANG_WARN_UNGUARDED_AVAILABILITY = YES_AGGRESSIVE;
				CLANG_WARN_UNREACHABLE_CODE = YES;
				CLANG_WARN__DUPLICATE_METHOD_MATCH = YES;
				CODE_SIGN_IDENTITY = "iPhone Developer";
				COPY_PHASE_STRIP = NO;
				DEBUG_INFORMATION_FORMAT = dwarf;
				ENABLE_STRICT_OBJC_MSGSEND = YES;
				ENABLE_TESTABILITY = YES;
				GCC_C_LANGUAGE_STANDARD = gnu11;
				GCC_DYNAMIC_NO_PIC = NO;
				GCC_NO_COMMON_BLOCKS = YES;
				GCC_OPTIMIZATION_LEVEL = 0;
				GCC_PREPROCESSOR_DEFINITIONS = (
					"DEBUG=1",
					"$(inherited)",
				);
				GCC_WARN_64_TO_32_BIT_CONVERSION = YES;
				GCC_WARN_ABOUT_RETURN_TYPE = YES_ERROR;
				GCC_WARN_UNDECLARED_SELECTOR = YES;
				GCC_WARN_UNINITIALIZED_AUTOS = YES_AGGRESSIVE;
				GCC_WARN_UNUSED_FUNCTION = YES;
				GCC_WARN_UNUSED_VARIABLE = YES;
				IPHONEOS_DEPLOYMENT_TARGET = 12.1;
				MTL_ENABLE_DEBUG_INFO = INCLUDE_SOURCE;
				MTL_FAST_MATH = YES;
				ONLY_ACTIVE_ARCH = YES;
				SDKROOT = iphoneos;
				SWIFT_ACTIVE_COMPILATION_CONDITIONS = DEBUG;
				SWIFT_OPTIMIZATION_LEVEL = "-Onone";
			};
			name = Debug;
		};
		2BD055A221FF4E6B001CD071 /* Release */ = {
			isa = XCBuildConfiguration;
			buildSettings = {
				ALWAYS_SEARCH_USER_PATHS = NO;
				CLANG_ANALYZER_NONNULL = YES;
				CLANG_ANALYZER_NUMBER_OBJECT_CONVERSION = YES_AGGRESSIVE;
				CLANG_CXX_LANGUAGE_STANDARD = "gnu++14";
				CLANG_CXX_LIBRARY = "libc++";
				CLANG_ENABLE_MODULES = YES;
				CLANG_ENABLE_OBJC_ARC = YES;
				CLANG_ENABLE_OBJC_WEAK = YES;
				CLANG_WARN_BLOCK_CAPTURE_AUTORELEASING = YES;
				CLANG_WARN_BOOL_CONVERSION = YES;
				CLANG_WARN_COMMA = YES;
				CLANG_WARN_CONSTANT_CONVERSION = YES;
				CLANG_WARN_DEPRECATED_OBJC_IMPLEMENTATIONS = YES;
				CLANG_WARN_DIRECT_OBJC_ISA_USAGE = YES_ERROR;
				CLANG_WARN_DOCUMENTATION_COMMENTS = YES;
				CLANG_WARN_EMPTY_BODY = YES;
				CLANG_WARN_ENUM_CONVERSION = YES;
				CLANG_WARN_INFINITE_RECURSION = YES;
				CLANG_WARN_INT_CONVERSION = YES;
				CLANG_WARN_NON_LITERAL_NULL_CONVERSION = YES;
				CLANG_WARN_OBJC_IMPLICIT_RETAIN_SELF = YES;
				CLANG_WARN_OBJC_LITERAL_CONVERSION = YES;
				CLANG_WARN_OBJC_ROOT_CLASS = YES_ERROR;
				CLANG_WARN_RANGE_LOOP_ANALYSIS = YES;
				CLANG_WARN_STRICT_PROTOTYPES = YES;
				CLANG_WARN_SUSPICIOUS_MOVE = YES;
				CLANG_WARN_UNGUARDED_AVAILABILITY = YES_AGGRESSIVE;
				CLANG_WARN_UNREACHABLE_CODE = YES;
				CLANG_WARN__DUPLICATE_METHOD_MATCH = YES;
				CODE_SIGN_IDENTITY = "iPhone Developer";
				COPY_PHASE_STRIP = NO;
				DEBUG_INFORMATION_FORMAT = "dwarf-with-dsym";
				ENABLE_NS_ASSERTIONS = NO;
				ENABLE_STRICT_OBJC_MSGSEND = YES;
				GCC_C_LANGUAGE_STANDARD = gnu11;
				GCC_NO_COMMON_BLOCKS = YES;
				GCC_WARN_64_TO_32_BIT_CONVERSION = YES;
				GCC_WARN_ABOUT_RETURN_TYPE = YES_ERROR;
				GCC_WARN_UNDECLARED_SELECTOR = YES;
				GCC_WARN_UNINITIALIZED_AUTOS = YES_AGGRESSIVE;
				GCC_WARN_UNUSED_FUNCTION = YES;
				GCC_WARN_UNUSED_VARIABLE = YES;
				IPHONEOS_DEPLOYMENT_TARGET = 12.1;
				MTL_ENABLE_DEBUG_INFO = NO;
				MTL_FAST_MATH = YES;
				SDKROOT = iphoneos;
				SWIFT_COMPILATION_MODE = wholemodule;
				SWIFT_OPTIMIZATION_LEVEL = "-O";
				VALIDATE_PRODUCT = YES;
			};
			name = Release;
		};
		2BD055A421FF4E6B001CD071 /* Debug */ = {
			isa = XCBuildConfiguration;
			buildSettings = {
				ASSETCATALOG_COMPILER_APPICON_NAME = AppIcon;
				CODE_SIGN_ENTITLEMENTS = "cloudKit-nanoChallenge/cloudKit-nanoChallenge.entitlements";
				CODE_SIGN_STYLE = Automatic;
				DEVELOPMENT_TEAM = MQ922JMCL6;
				INFOPLIST_FILE = "cloudKit-nanoChallenge/Info.plist";
				LD_RUNPATH_SEARCH_PATHS = (
					"$(inherited)",
					"@executable_path/Frameworks",
				);
				PRODUCT_BUNDLE_IDENTIFIER = "com.paulocardosob.cloudKit-nanoChallenge";
				PRODUCT_NAME = "$(TARGET_NAME)";
				SWIFT_VERSION = 4.2;
				TARGETED_DEVICE_FAMILY = "1,2";
			};
			name = Debug;
		};
		2BD055A521FF4E6B001CD071 /* Release */ = {
			isa = XCBuildConfiguration;
			buildSettings = {
				ASSETCATALOG_COMPILER_APPICON_NAME = AppIcon;
				CODE_SIGN_ENTITLEMENTS = "cloudKit-nanoChallenge/cloudKit-nanoChallenge.entitlements";
				CODE_SIGN_STYLE = Automatic;
				DEVELOPMENT_TEAM = MQ922JMCL6;
				INFOPLIST_FILE = "cloudKit-nanoChallenge/Info.plist";
				LD_RUNPATH_SEARCH_PATHS = (
					"$(inherited)",
					"@executable_path/Frameworks",
				);
				PRODUCT_BUNDLE_IDENTIFIER = "com.paulocardosob.cloudKit-nanoChallenge";
				PRODUCT_NAME = "$(TARGET_NAME)";
				SWIFT_VERSION = 4.2;
				TARGETED_DEVICE_FAMILY = "1,2";
			};
			name = Release;
		};
/* End XCBuildConfiguration section */

/* Begin XCConfigurationList section */
		2BD0558921FF4E69001CD071 /* Build configuration list for PBXProject "cloudKit-nanoChallenge" */ = {
			isa = XCConfigurationList;
			buildConfigurations = (
				2BD055A121FF4E6B001CD071 /* Debug */,
				2BD055A221FF4E6B001CD071 /* Release */,
			);
			defaultConfigurationIsVisible = 0;
			defaultConfigurationName = Release;
		};
		2BD055A321FF4E6B001CD071 /* Build configuration list for PBXNativeTarget "cloudKit-nanoChallenge" */ = {
			isa = XCConfigurationList;
			buildConfigurations = (
				2BD055A421FF4E6B001CD071 /* Debug */,
				2BD055A521FF4E6B001CD071 /* Release */,
			);
			defaultConfigurationIsVisible = 0;
			defaultConfigurationName = Release;
		};
/* End XCConfigurationList section */

/* Begin XCVersionGroup section */
		2BD0559821FF4E69001CD071 /* cloudKit_nanoChallenge.xcdatamodeld */ = {
			isa = XCVersionGroup;
			children = (
				2BD0559921FF4E69001CD071 /* cloudKit_nanoChallenge.xcdatamodel */,
			);
			currentVersion = 2BD0559921FF4E69001CD071 /* cloudKit_nanoChallenge.xcdatamodel */;
			path = cloudKit_nanoChallenge.xcdatamodeld;
			sourceTree = "<group>";
			versionGroupType = wrapper.xcdatamodel;
		};
/* End XCVersionGroup section */
	};
	rootObject = 2BD0558621FF4E69001CD071 /* Project object */;
}
